
Microsoft Visual Studio Solution File, Format Version 12.00
# Visual Studio Version 17
VisualStudioVersion = 17.7.34031.279
MinimumVisualStudioVersion = 10.0.40219.1
Project("{FAE04EC0-301F-11D3-BF4B-00C04F79EFBC}") = "proyecto inventario", "proyecto inventario\proyecto inventario.csproj", "{F642B39F-1158-4F7B-B644-30583430DEBA}"
EndProject
Project("{FAE04EC0-301F-11D3-BF4B-00C04F79EFBC}") = "Cap_Entidades", "Cap_Entidades\Cap_Entidades.csproj", "{079ACDF8-ADD2-4772-9D96-BB47767541B0}"
EndProject
Project("{FAE04EC0-301F-11D3-BF4B-00C04F79EFBC}") = "Cap_Datos", "Cap_Datos\Cap_Datos.csproj", "{5FB4A800-2013-43FF-A734-59ED91C80830}"
EndProject
Project("{FAE04EC0-301F-11D3-BF4B-00C04F79EFBC}") = "Cap_Negocio", "Cap_Negocio\Cap_Negocio.csproj", "{EEEA886D-EF2B-4536-96E1-C3C13C7A311B}"
EndProject
Global
	GlobalSection(SolutionConfigurationPlatforms) = preSolution
		Debug|Any CPU = Debug|Any CPU
		Release|Any CPU = Release|Any CPU
	EndGlobalSection
	GlobalSection(ProjectConfigurationPlatforms) = postSolution
		{F642B39F-1158-4F7B-B644-30583430DEBA}.Debug|Any CPU.ActiveCfg = Debug|Any CPU
		{F642B39F-1158-4F7B-B644-30583430DEBA}.Debug|Any CPU.Build.0 = Debug|Any CPU
		{F642B39F-1158-4F7B-B644-30583430DEBA}.Release|Any CPU.ActiveCfg = Release|Any CPU
		{F642B39F-1158-4F7B-B644-30583430DEBA}.Release|Any CPU.Build.0 = Release|Any CPU
		{079ACDF8-ADD2-4772-9D96-BB47767541B0}.Debug|Any CPU.ActiveCfg = Debug|Any CPU
		{079ACDF8-ADD2-4772-9D96-BB47767541B0}.Debug|Any CPU.Build.0 = Debug|Any CPU
		{079ACDF8-ADD2-4772-9D96-BB47767541B0}.Release|Any CPU.ActiveCfg = Release|Any CPU
		{079ACDF8-ADD2-4772-9D96-BB47767541B0}.Release|Any CPU.Build.0 = Release|Any CPU
		{5FB4A800-2013-43FF-A734-59ED91C80830}.Debug|Any CPU.ActiveCfg = Debug|Any CPU
		{5FB4A800-2013-43FF-A734-59ED91C80830}.Debug|Any CPU.Build.0 = Debug|Any CPU
		{5FB4A800-2013-43FF-A734-59ED91C80830}.Release|Any CPU.ActiveCfg = Release|Any CPU
		{5FB4A800-2013-43FF-A734-59ED91C80830}.Release|Any CPU.Build.0 = Release|Any CPU
		{EEEA886D-EF2B-4536-96E1-C3C13C7A311B}.Debug|Any CPU.ActiveCfg = Debug|Any CPU
		{EEEA886D-EF2B-4536-96E1-C3C13C7A311B}.Debug|Any CPU.Build.0 = Debug|Any CPU
		{EEEA886D-EF2B-4536-96E1-C3C13C7A311B}.Release|Any CPU.ActiveCfg = Release|Any CPU
		{EEEA886D-EF2B-4536-96E1-C3C13C7A311B}.Release|Any CPU.Build.0 = Release|Any CPU
	EndGlobalSection
	GlobalSection(SolutionProperties) = preSolution
		HideSolutionNode = FALSE
	EndGlobalSection
	GlobalSection(ExtensibilityGlobals) = postSolution
		SolutionGuid = {76C02DB3-D0DF-41BB-BF0E-B9FD263A42A6}
	EndGlobalSection
EndGlobal
